
Microsoft Visual Studio Solution File, Format Version 12.00
# Visual Studio Version 16
VisualStudioVersion = 16.0.30204.135
MinimumVisualStudioVersion = 10.0.40219.1
Project("{FAE04EC0-301F-11D3-BF4B-00C04F79EFBC}") = "sample_6_4", "sample_6_4\sample_6_4.csproj", "{16F2B050-C388-40E7-9588-C825274A9CFC}"
EndProject
Global
	GlobalSection(SolutionConfigurationPlatforms) = preSolution
		Debug|Any CPU = Debug|Any CPU
		Release|Any CPU = Release|Any CPU
	EndGlobalSection
	GlobalSection(ProjectConfigurationPlatforms) = postSolution
		{16F2B050-C388-40E7-9588-C825274A9CFC}.Debug|Any CPU.ActiveCfg = Debug|Any CPU
		{16F2B050-C388-40E7-9588-C825274A9CFC}.Debug|Any CPU.Build.0 = Debug|Any CPU
		{16F2B050-C388-40E7-9588-C825274A9CFC}.Release|Any CPU.ActiveCfg = Release|Any CPU
		{16F2B050-C388-40E7-9588-C825274A9CFC}.Release|Any CPU.Build.0 = Release|Any CPU
	EndGlobalSection
	GlobalSection(SolutionProperties) = preSolution
		HideSolutionNode = FALSE
	EndGlobalSection
	GlobalSection(ExtensibilityGlobals) = postSolution
		SolutionGuid = {44CD9201-B744-41B5-AD94-EC9CCDDBED2A}
	EndGlobalSection
EndGlobal
